{
  "name": "@scramjet/test-output",
  "version": "0.23.0",
  "lockfileVersion": 2,
  "requires": true,
  "packages": {
    "": {
      "name": "@scramjet/test-output",
      "version": "0.23.0",
      "license": "GPL-3.0",
      "devDependencies": {
        "@scramjet/cli": "^0.31.2",
        "@scramjet/types": "^0.31.2"
      },
      "engines": {
        "node": ">=16"
      }
    },
    "node_modules/@scramjet/api-client": {
      "version": "0.31.4",
      "resolved": "https://registry.npmjs.org/@scramjet/api-client/-/api-client-0.31.4.tgz",
      "integrity": "sha512-x3h71eKUnH9sVIoubtX4xN20EsiDau+MQacoP6uhhXuxKh01y0MNww8IbOYSFO7+HPPcI4WAbjcG5U/5rh3C8w==",
      "dev": true,
      "dependencies": {
        "@scramjet/client-utils": "^0.31.4",
        "@scramjet/sth-config": "^0.31.4",
        "@scramjet/symbols": "^0.31.4",
        "n-readlines": "^1.0.1",
        "scramjet": "^4.36.9"
      }
    },
    "node_modules/@scramjet/cli": {
      "version": "0.31.4",
      "resolved": "https://registry.npmjs.org/@scramjet/cli/-/cli-0.31.4.tgz",
      "integrity": "sha512-Zb93Drrwf0cgyOnb32zk7sOeEOn7ZDR3T5k2MsbfQ4p9UC1P4tZUJ6WzadUmqEmhEHlAsqMJogj5+/g9kdEtqw==",
      "dev": true,
      "dependencies": {
        "@scramjet/api-client": "^0.31.4",
        "@scramjet/client-utils": "^0.31.4",
        "@scramjet/middleware-api-client": "^0.31.4",
        "@scramjet/obj-logger": "^0.31.4",
        "@scramjet/utility": "^0.31.4",
        "chalk": "^4.1.2",
        "commander": "^8.3.0",
        "commander-completion": "^1.0.1",
        "find-package-json": "^1.2.0",
        "minimatch": "^3.1.2",
        "scramjet": "^4.36.9",
        "tar": "^6.1.11",
        "validator": "^13.7.0"
      },
      "bin": {
        "si": "bin/index.js"
      }
    },
    "node_modules/@scramjet/client-utils": {
      "version": "0.31.4",
      "resolved": "https://registry.npmjs.org/@scramjet/client-utils/-/client-utils-0.31.4.tgz",
      "integrity": "sha512-CGqc85bT8BdXS3mKkh6fZ1O50knq3shVM1NSPKTUR2XU3Hfr8Rb8pZPBQyYvBTb5c3aERv1El6zZMNgytHy1mQ==",
      "dev": true,
      "dependencies": {
        "@scramjet/model": "^0.31.4",
        "@scramjet/obj-logger": "^0.31.4",
        "@scramjet/sth-config": "^0.31.4",
        "@scramjet/symbols": "^0.31.4",
        "@scramjet/utility": "^0.31.4",
        "abort-controller": "^3.0.0",
        "n-readlines": "^1.0.1",
        "node-fetch": "^2.6.7",
        "normalize-url": "^5.3.1",
        "scramjet": "^4.36.9"
      }
    },
    "node_modules/@scramjet/manager-api-client": {
      "version": "0.31.4",
      "resolved": "https://registry.npmjs.org/@scramjet/manager-api-client/-/manager-api-client-0.31.4.tgz",
      "integrity": "sha512-7hYiUKP/CMLWV116b4D1cFBVycdNLVYCJwkI/WMcx1vMDDFnLwAAUBRCwH92wEzOHaVd264F1xAJ9mjY8jAknA==",
      "dev": true,
      "dependencies": {
        "@scramjet/api-client": "^0.31.4",
        "@scramjet/client-utils": "^0.31.4"
      }
    },
    "node_modules/@scramjet/middleware-api-client": {
      "version": "0.31.4",
      "resolved": "https://registry.npmjs.org/@scramjet/middleware-api-client/-/middleware-api-client-0.31.4.tgz",
      "integrity": "sha512-U+5qNAKuOwuJ/Xn/yLimuhIg3DNR8jrU13lC9AoGAndmHFNUEO/SsVhrS6uOEprkgDVTSDoa9BPrZKCuEnzrEw==",
      "dev": true,
      "dependencies": {
        "@scramjet/api-client": "^0.31.4",
        "@scramjet/client-utils": "^0.31.4",
        "@scramjet/manager-api-client": "^0.31.4",
        "@scramjet/multi-manager-api-client": "^0.31.4"
      }
    },
    "node_modules/@scramjet/model": {
      "version": "0.31.4",
      "resolved": "https://registry.npmjs.org/@scramjet/model/-/model-0.31.4.tgz",
      "integrity": "sha512-NkM/6DhVpN0tsE/1aCY9v2EOSxq3IecBtwtnaz9EYEAb0XTt78hkseALevzvOLDvc4G+F0BqmZKeqHWxbAJFgg==",
      "dev": true,
      "dependencies": {
        "@scramjet/obj-logger": "^0.31.4",
        "@scramjet/symbols": "^0.31.4",
        "scramjet": "^4.36.9",
        "uuid": "^8.3.2"
      }
    },
    "node_modules/@scramjet/multi-manager-api-client": {
      "version": "0.31.4",
      "resolved": "https://registry.npmjs.org/@scramjet/multi-manager-api-client/-/multi-manager-api-client-0.31.4.tgz",
      "integrity": "sha512-wBI9MOLPIzah2tgQhPp7GjCnngLpza0ML6OMTvP/qpmr83SxXQWN+8UXKahfUD/x8+HF3XvHAjdPDfNGUYTiSA==",
      "dev": true,
      "dependencies": {
        "@scramjet/api-client": "^0.31.4",
        "@scramjet/client-utils": "^0.31.4",
        "@scramjet/manager-api-client": "^0.31.4"
      }
    },
    "node_modules/@scramjet/obj-logger": {
      "version": "0.31.4",
      "resolved": "https://registry.npmjs.org/@scramjet/obj-logger/-/obj-logger-0.31.4.tgz",
      "integrity": "sha512-6sfS45IWkRMmdiG+2egr7FTyjpNW5Dc+n2WvzWbk6M/37/B30lRUtVkYGKTpIBbw/arp6lUuH0w/QjlC+QAiDQ==",
      "dev": true,
      "dependencies": {
        "@scramjet/utility": "^0.31.4",
        "scramjet": "^4.36.9"
      }
    },
    "node_modules/@scramjet/sth-config": {
      "version": "0.31.4",
      "resolved": "https://registry.npmjs.org/@scramjet/sth-config/-/sth-config-0.31.4.tgz",
      "integrity": "sha512-Nu0t/xvpWbgsEwlOZbui30d3ZcwohlL7Nxv3voht3Yx9Xh0k6eo7bv3Ku5PCV94b6FCW3LPGl6b5ptDdaunRZg==",
      "dev": true,
      "dependencies": {
        "@scramjet/utility": "^0.31.4"
      }
    },
    "node_modules/@scramjet/symbols": {
      "version": "0.31.4",
      "resolved": "https://registry.npmjs.org/@scramjet/symbols/-/symbols-0.31.4.tgz",
      "integrity": "sha512-dJWBd7VgMU627SlXVg27n3F/aBzvUHTEGMCTq5N46W91OeU/YhjRT+dO5NyJhAxpyTHdlMFCHKAFC9FrGzdoMw==",
      "dev": true
    },
    "node_modules/@scramjet/types": {
      "version": "0.31.4",
      "resolved": "https://registry.npmjs.org/@scramjet/types/-/types-0.31.4.tgz",
      "integrity": "sha512-RxJzbRD+q4w5RrlaT5cg6GdlMzlXnDrqBSKaAeDdzu/2OgApHJOBE4roP1hqtwQkgtQvXMNeF8uUJM0IFCsjSQ==",
      "dev": true,
      "dependencies": {
        "@scramjet/symbols": "^0.31.4",
        "http-status-codes": "^2.2.0"
      }
    },
    "node_modules/@scramjet/utility": {
      "version": "0.31.4",
      "resolved": "https://registry.npmjs.org/@scramjet/utility/-/utility-0.31.4.tgz",
      "integrity": "sha512-BFwoYu+u5SbuJX5QgzrSgb+6Vak+cCAu141C5zasoAMplM4AmvqPWQAZ7CQ6Du7KQA7HsJqgD0xCHHky+mgoEA==",
      "dev": true,
      "dependencies": {
        "normalize-url": "^5.3.1",
        "yaml": "^2.1.3"
      }
    },
    "node_modules/abort-controller": {
      "version": "3.0.0",
      "resolved": "https://registry.npmjs.org/abort-controller/-/abort-controller-3.0.0.tgz",
      "integrity": "sha512-h8lQ8tacZYnR3vNQTgibj+tODHI5/+l06Au2Pcriv/Gmet0eaj4TwWH41sO9wnHDiQsEj19q0drzdWdeAHtweg==",
      "dev": true,
      "dependencies": {
        "event-target-shim": "^5.0.0"
      },
      "engines": {
        "node": ">=6.5"
      }
    },
    "node_modules/ansi-styles": {
      "version": "4.3.0",
      "resolved": "https://registry.npmjs.org/ansi-styles/-/ansi-styles-4.3.0.tgz",
      "integrity": "sha512-zbB9rCJAT1rbjiVDb2hqKFHNYLxgtk8NURxZ3IZwD3F6NtxbXZQCnnSi1Lkx+IDohdPlFp222wVALIheZJQSEg==",
      "dev": true,
      "dependencies": {
        "color-convert": "^2.0.1"
      },
      "engines": {
        "node": ">=8"
      },
      "funding": {
        "url": "https://github.com/chalk/ansi-styles?sponsor=1"
      }
    },
    "node_modules/balanced-match": {
      "version": "1.0.2",
      "resolved": "https://registry.npmjs.org/balanced-match/-/balanced-match-1.0.2.tgz",
      "integrity": "sha512-3oSeUO0TMV67hN1AmbXsK4yaqU7tjiHlbxRDZOpH0KW9+CeX4bRAaX0Anxt0tx2MrpRpWwQaPwIlISEJhYU5Pw==",
      "dev": true
    },
    "node_modules/brace-expansion": {
      "version": "1.1.11",
      "resolved": "https://registry.npmjs.org/brace-expansion/-/brace-expansion-1.1.11.tgz",
      "integrity": "sha512-iCuPHDFgrHX7H2vEI/5xpz07zSHB00TpugqhmYtVmMO6518mCuRMoOYFldEBl0g187ufozdaHgWKcYFb61qGiA==",
      "dev": true,
      "dependencies": {
        "balanced-match": "^1.0.0",
        "concat-map": "0.0.1"
      }
    },
    "node_modules/chalk": {
      "version": "4.1.2",
      "resolved": "https://registry.npmjs.org/chalk/-/chalk-4.1.2.tgz",
      "integrity": "sha512-oKnbhFyRIXpUuez8iBMmyEa4nbj4IOQyuhc/wy9kY7/WVPcwIO9VA668Pu8RkO7+0G76SLROeyw9CpQ061i4mA==",
      "dev": true,
      "dependencies": {
        "ansi-styles": "^4.1.0",
        "supports-color": "^7.1.0"
      },
      "engines": {
        "node": ">=10"
      },
      "funding": {
        "url": "https://github.com/chalk/chalk?sponsor=1"
      }
    },
    "node_modules/chownr": {
      "version": "2.0.0",
      "resolved": "https://registry.npmjs.org/chownr/-/chownr-2.0.0.tgz",
      "integrity": "sha512-bIomtDF5KGpdogkLd9VspvFzk9KfpyyGlS8YFVZl7TGPBHL5snIOnxeshwVgPteQ9b4Eydl+pVbIyE1DcvCWgQ==",
      "dev": true,
      "engines": {
        "node": ">=10"
      }
    },
    "node_modules/clone": {
      "version": "0.1.19",
      "resolved": "https://registry.npmjs.org/clone/-/clone-0.1.19.tgz",
      "integrity": "sha512-IO78I0y6JcSpEPHzK4obKdsL7E7oLdRVDVOLwr2Hkbjsb+Eoz0dxW6tef0WizoKu0gLC4oZSZuEF4U2K6w1WQw==",
      "dev": true,
      "engines": {
        "node": "*"
      }
    },
    "node_modules/color-convert": {
      "version": "2.0.1",
      "resolved": "https://registry.npmjs.org/color-convert/-/color-convert-2.0.1.tgz",
      "integrity": "sha512-RRECPsj7iu/xb5oKYcsFHSppFNnsj/52OVTRKb4zP5onXwVF3zVmmToNcOfGC+CRDpfK/U584fMg38ZHCaElKQ==",
      "dev": true,
      "dependencies": {
        "color-name": "~1.1.4"
      },
      "engines": {
        "node": ">=7.0.0"
      }
    },
    "node_modules/color-name": {
      "version": "1.1.4",
      "resolved": "https://registry.npmjs.org/color-name/-/color-name-1.1.4.tgz",
      "integrity": "sha512-dOy+3AuW3a2wNbZHIuMZpTcgjGuLU/uBL/ubcZF9OXbDo8ff4O8yVp5Bf0efS8uEoYo5q4Fx7dY9OgQGXgAsQA==",
      "dev": true
    },
    "node_modules/commander": {
      "version": "8.3.0",
      "resolved": "https://registry.npmjs.org/commander/-/commander-8.3.0.tgz",
      "integrity": "sha512-OkTL9umf+He2DZkUq8f8J9of7yL6RJKI24dVITBmNfZBmri9zYZQrKkuXiKhyfPSu8tUhnVBB1iKXevvnlR4Ww==",
      "dev": true,
      "engines": {
        "node": ">= 12"
      }
    },
    "node_modules/commander-completion": {
      "version": "1.0.1",
      "resolved": "https://registry.npmjs.org/commander-completion/-/commander-completion-1.0.1.tgz",
      "integrity": "sha512-vB9PaGRqUgrVRkibVFnd4VTx7gPt+/SxJr8vYi1KWDMl00tEHQOfakmntCVx/TX7ZZxKF7XgVti4/iUVhbxdLA==",
      "dev": true,
      "dependencies": {
        "completion": "~1.0.1"
      },
      "engines": {
        "node": ">= 4.0.0"
      }
    },
    "node_modules/completion": {
      "version": "1.0.3",
      "resolved": "https://registry.npmjs.org/completion/-/completion-1.0.3.tgz",
      "integrity": "sha512-uptx4YCEYMtsq20x8X0LzuEALa+BAAFbByOSMInlDfiP7dw/8YuQSE2zbdr9yc2MvtCN/yKhO/cd4bNx7N1stg==",
      "dev": true,
      "dependencies": {
        "clone": "~0.1.16",
        "line-info": "~0.2.0"
      },
      "engines": {
        "node": ">= 0.8.0"
      }
    },
    "node_modules/concat-map": {
      "version": "0.0.1",
      "resolved": "https://registry.npmjs.org/concat-map/-/concat-map-0.0.1.tgz",
      "integrity": "sha512-/Srv4dswyQNBfohGpz9o6Yb3Gz3SrUDqBH5rTuhGR7ahtlbYKnVxw2bCFMRljaA7EXHaXZ8wsHdodFvbkhKmqg==",
      "dev": true
    },
    "node_modules/event-target-shim": {
      "version": "5.0.1",
      "resolved": "https://registry.npmjs.org/event-target-shim/-/event-target-shim-5.0.1.tgz",
      "integrity": "sha512-i/2XbnSz/uxRCU6+NdVJgKWDTM427+MqYbkQzD321DuCQJUqOuJKIA0IM2+W2xtYHdKOmZ4dR6fExsd4SXL+WQ==",
      "dev": true,
      "engines": {
        "node": ">=6"
      }
    },
    "node_modules/find-package-json": {
      "version": "1.2.0",
      "resolved": "https://registry.npmjs.org/find-package-json/-/find-package-json-1.2.0.tgz",
      "integrity": "sha512-+SOGcLGYDJHtyqHd87ysBhmaeQ95oWspDKnMXBrnQ9Eq4OkLNqejgoaD8xVWu6GPa0B6roa6KinCMEMcVeqONw==",
      "dev": true
    },
    "node_modules/fs-minipass": {
      "version": "2.1.0",
      "resolved": "https://registry.npmjs.org/fs-minipass/-/fs-minipass-2.1.0.tgz",
      "integrity": "sha512-V/JgOLFCS+R6Vcq0slCuaeWEdNC3ouDlJMNIsacH2VtALiu9mV4LPrHc5cDl8k5aw6J8jwgWWpiTo5RYhmIzvg==",
      "dev": true,
      "dependencies": {
        "minipass": "^3.0.0"
      },
      "engines": {
        "node": ">= 8"
      }
    },
    "node_modules/fs-minipass/node_modules/minipass": {
      "version": "3.3.6",
      "resolved": "https://registry.npmjs.org/minipass/-/minipass-3.3.6.tgz",
      "integrity": "sha512-DxiNidxSEK+tHG6zOIklvNOwm3hvCrbUrdtzY74U6HKTJxvIDfOUL5W5P2Ghd3DTkhhKPYGqeNUIh5qcM4YBfw==",
      "dev": true,
      "dependencies": {
        "yallist": "^4.0.0"
      },
      "engines": {
        "node": ">=8"
      }
    },
    "node_modules/has-flag": {
      "version": "4.0.0",
      "resolved": "https://registry.npmjs.org/has-flag/-/has-flag-4.0.0.tgz",
      "integrity": "sha512-EykJT/Q1KjTWctppgIAgfSO0tKVuZUjhgMr17kqTumMl6Afv3EISleU7qZUzoXDFTAHTDC4NOoG/ZxU3EvlMPQ==",
      "dev": true,
      "engines": {
        "node": ">=8"
      }
    },
    "node_modules/http-status-codes": {
      "version": "2.2.0",
      "resolved": "https://registry.npmjs.org/http-status-codes/-/http-status-codes-2.2.0.tgz",
      "integrity": "sha512-feERVo9iWxvnejp3SEfm/+oNG517npqL2/PIA8ORjyOZjGC7TwCRQsZylciLS64i6pJ0wRYz3rkXLRwbtFa8Ng==",
      "dev": true
    },
    "node_modules/line-info": {
      "version": "0.2.0",
      "resolved": "https://registry.npmjs.org/line-info/-/line-info-0.2.0.tgz",
      "integrity": "sha512-2EapVhnSTnRbRyvr27GmCJM9BouIM8YVzm2LhEZ9JT9emzeoSxDea+wJ72/uCGR5oOQSq5mveStDQecCp3mJjw==",
      "dev": true,
      "engines": {
        "node": ">= 0.8.0"
      }
    },
    "node_modules/minimatch": {
      "version": "3.1.2",
      "resolved": "https://registry.npmjs.org/minimatch/-/minimatch-3.1.2.tgz",
      "integrity": "sha512-J7p63hRiAjw1NDEww1W7i37+ByIrOWO5XQQAzZ3VOcL0PNybwpfmV/N05zFAzwQ9USyEcX6t3UO+K5aqBQOIHw==",
      "dev": true,
      "dependencies": {
        "brace-expansion": "^1.1.7"
      },
      "engines": {
        "node": "*"
      }
    },
    "node_modules/minipass": {
      "version": "4.0.2",
      "resolved": "https://registry.npmjs.org/minipass/-/minipass-4.0.2.tgz",
      "integrity": "sha512-4Hbzei7ZyBp+1aw0874YWpKOubZd/jc53/XU+gkYry1QV+VvrbO8icLM5CUtm4F0hyXn85DXYKEMIS26gitD3A==",
      "dev": true,
      "engines": {
        "node": ">=8"
      }
    },
    "node_modules/minizlib": {
      "version": "2.1.2",
      "resolved": "https://registry.npmjs.org/minizlib/-/minizlib-2.1.2.tgz",
      "integrity": "sha512-bAxsR8BVfj60DWXHE3u30oHzfl4G7khkSuPW+qvpd7jFRHm7dLxOjUk1EHACJ/hxLY8phGJ0YhYHZo7jil7Qdg==",
      "dev": true,
      "dependencies": {
        "minipass": "^3.0.0",
        "yallist": "^4.0.0"
      },
      "engines": {
        "node": ">= 8"
      }
    },
    "node_modules/minizlib/node_modules/minipass": {
      "version": "3.3.6",
      "resolved": "https://registry.npmjs.org/minipass/-/minipass-3.3.6.tgz",
      "integrity": "sha512-DxiNidxSEK+tHG6zOIklvNOwm3hvCrbUrdtzY74U6HKTJxvIDfOUL5W5P2Ghd3DTkhhKPYGqeNUIh5qcM4YBfw==",
      "dev": true,
      "dependencies": {
        "yallist": "^4.0.0"
      },
      "engines": {
        "node": ">=8"
      }
    },
    "node_modules/mkdirp": {
      "version": "1.0.4",
      "resolved": "https://registry.npmjs.org/mkdirp/-/mkdirp-1.0.4.tgz",
      "integrity": "sha512-vVqVZQyf3WLx2Shd0qJ9xuvqgAyKPLAiqITEtqW0oIUjzo3PePDd6fW9iFz30ef7Ysp/oiWqbhszeGWW2T6Gzw==",
      "dev": true,
      "bin": {
        "mkdirp": "bin/cmd.js"
      },
      "engines": {
        "node": ">=10"
      }
    },
    "node_modules/n-readlines": {
      "version": "1.0.1",
      "resolved": "https://registry.npmjs.org/n-readlines/-/n-readlines-1.0.1.tgz",
      "integrity": "sha512-z4SyAIVgMy7CkgsoNw7YVz40v0g4+WWvvqy8+ZdHrCtgevcEO758WQyrYcw3XPxcLxF+//RszTz/rO48nzD0wQ==",
      "dev": true,
      "engines": {
        "node": ">=6.x.x"
      }
    },
    "node_modules/node-fetch": {
      "version": "2.6.9",
      "resolved": "https://registry.npmjs.org/node-fetch/-/node-fetch-2.6.9.tgz",
      "integrity": "sha512-DJm/CJkZkRjKKj4Zi4BsKVZh3ValV5IR5s7LVZnW+6YMh0W1BfNA8XSs6DLMGYlId5F3KnA70uu2qepcR08Qqg==",
      "dev": true,
      "dependencies": {
        "whatwg-url": "^5.0.0"
      },
      "engines": {
        "node": "4.x || >=6.0.0"
      },
      "peerDependencies": {
        "encoding": "^0.1.0"
      },
      "peerDependenciesMeta": {
        "encoding": {
          "optional": true
        }
      }
    },
    "node_modules/normalize-url": {
      "version": "5.3.1",
      "resolved": "https://registry.npmjs.org/normalize-url/-/normalize-url-5.3.1.tgz",
      "integrity": "sha512-K1c7+vaAP+Yh5bOGmA10PGPpp+6h7WZrl7GwqKhUflBc9flU9pzG27DDeB9+iuhZkE3BJZOcgN1P/2sS5pqrWw==",
      "dev": true,
      "engines": {
        "node": ">=10"
      },
      "funding": {
        "url": "https://github.com/sponsors/sindresorhus"
      }
    },
    "node_modules/papaparse": {
      "version": "5.3.2",
      "resolved": "https://registry.npmjs.org/papaparse/-/papaparse-5.3.2.tgz",
      "integrity": "sha512-6dNZu0Ki+gyV0eBsFKJhYr+MdQYAzFUGlBMNj3GNrmHxmz1lfRa24CjFObPXtjcetlOv5Ad299MhIK0znp3afw==",
      "dev": true
    },
    "node_modules/rereadable-stream": {
      "version": "1.4.14",
      "resolved": "https://registry.npmjs.org/rereadable-stream/-/rereadable-stream-1.4.14.tgz",
      "integrity": "sha512-vGANaSU3Uvl33Lz88otjkoXkiBx01KjrusdsW2K95JbJveWZdjf11CyutMRZyy7nj7NyCTRynauTbaiM7MCgkg==",
      "dev": true,
      "engines": {
        "node": ">=8.6.0"
      }
    },
    "node_modules/scramjet": {
      "version": "4.36.9",
      "resolved": "https://registry.npmjs.org/scramjet/-/scramjet-4.36.9.tgz",
      "integrity": "sha512-vHRQy3hE1gC3tYDKPLGmvQgEQV4oL3JpOA7tP07eGcez+Py2mX8yFu81OeSBPwSwjHX5BrAe8pXVkgT3CMkC/g==",
      "dev": true,
      "funding": [
        {
          "type": "github",
          "url": "https://github.com/sponsors/scramjetorg"
        },
        {
          "type": "individual",
          "url": "https://www.paypal.com/cgi-bin/webscr?cmd=_s-xclick&hosted_button_id=7F7V65C43EBMW"
        }
      ],
      "dependencies": {
        "papaparse": "^5.3.2",
        "rereadable-stream": "^1.4.14",
        "scramjet-core": "^4.32.10"
      },
      "engines": {
        "node": ">=10.0.0"
      }
    },
    "node_modules/scramjet-core": {
      "version": "4.32.10",
      "resolved": "https://registry.npmjs.org/scramjet-core/-/scramjet-core-4.32.10.tgz",
      "integrity": "sha512-B4xYXl8+sT3Fy/DAKmGE1TJafHm+U46AUY3w0v4XseNwhy94C+JfzKR/9+F1gmEihn+E7tDPXnqlquGDmQ6o8Q==",
      "dev": true,
      "engines": {
        "node": ">=10.0.0"
      }
    },
    "node_modules/supports-color": {
      "version": "7.2.0",
      "resolved": "https://registry.npmjs.org/supports-color/-/supports-color-7.2.0.tgz",
      "integrity": "sha512-qpCAvRl9stuOHveKsn7HncJRvv501qIacKzQlO/+Lwxc9+0q2wLyv4Dfvt80/DPn2pqOBsJdDiogXGR9+OvwRw==",
      "dev": true,
      "dependencies": {
        "has-flag": "^4.0.0"
      },
      "engines": {
        "node": ">=8"
      }
    },
    "node_modules/tar": {
      "version": "6.1.13",
      "resolved": "https://registry.npmjs.org/tar/-/tar-6.1.13.tgz",
      "integrity": "sha512-jdIBIN6LTIe2jqzay/2vtYLlBHa3JF42ot3h1dW8Q0PaAG4v8rm0cvpVePtau5C6OKXGGcgO9q2AMNSWxiLqKw==",
      "dev": true,
      "dependencies": {
        "chownr": "^2.0.0",
        "fs-minipass": "^2.0.0",
        "minipass": "^4.0.0",
        "minizlib": "^2.1.1",
        "mkdirp": "^1.0.3",
        "yallist": "^4.0.0"
      },
      "engines": {
        "node": ">=10"
      }
    },
    "node_modules/tr46": {
      "version": "0.0.3",
      "resolved": "https://registry.npmjs.org/tr46/-/tr46-0.0.3.tgz",
      "integrity": "sha512-N3WMsuqV66lT30CrXNbEjx4GEwlow3v6rr4mCcv6prnfwhS01rkgyFdjPNBYd9br7LpXV1+Emh01fHnq2Gdgrw==",
      "dev": true
    },
    "node_modules/uuid": {
      "version": "8.3.2",
      "resolved": "https://registry.npmjs.org/uuid/-/uuid-8.3.2.tgz",
      "integrity": "sha512-+NYs2QeMWy+GWFOEm9xnn6HCDp0l7QBD7ml8zLUmJ+93Q5NF0NocErnwkTkXVFNiX3/fpC6afS8Dhb/gz7R7eg==",
      "dev": true,
      "bin": {
        "uuid": "dist/bin/uuid"
      }
    },
    "node_modules/validator": {
      "version": "13.9.0",
      "resolved": "https://registry.npmjs.org/validator/-/validator-13.9.0.tgz",
      "integrity": "sha512-B+dGG8U3fdtM0/aNK4/X8CXq/EcxU2WPrPEkJGslb47qyHsxmbggTWK0yEA4qnYVNF+nxNlN88o14hIcPmSIEA==",
      "dev": true,
      "engines": {
        "node": ">= 0.10"
      }
    },
    "node_modules/webidl-conversions": {
      "version": "3.0.1",
      "resolved": "https://registry.npmjs.org/webidl-conversions/-/webidl-conversions-3.0.1.tgz",
      "integrity": "sha512-2JAn3z8AR6rjK8Sm8orRC0h/bcl/DqL7tRPdGZ4I1CjdF+EaMLmYxBHyXuKL849eucPFhvBoxMsflfOb8kxaeQ==",
      "dev": true
    },
    "node_modules/whatwg-url": {
      "version": "5.0.0",
      "resolved": "https://registry.npmjs.org/whatwg-url/-/whatwg-url-5.0.0.tgz",
      "integrity": "sha512-saE57nupxk6v3HY35+jzBwYa0rKSy0XR8JSxZPwgLr7ys0IBzhGviA1/TUGJLmSVqs8pb9AnvICXEuOHLprYTw==",
      "dev": true,
      "dependencies": {
        "tr46": "~0.0.3",
        "webidl-conversions": "^3.0.0"
      }
    },
    "node_modules/yallist": {
      "version": "4.0.0",
      "resolved": "https://registry.npmjs.org/yallist/-/yallist-4.0.0.tgz",
      "integrity": "sha512-3wdGidZyq5PB084XLES5TpOSRA3wjXAlIWMhum2kRcv/41Sn2emQ0dycQW4uZXLejwKvg6EsvbdlVL+FYEct7A==",
      "dev": true
    },
    "node_modules/yaml": {
      "version": "2.2.1",
      "resolved": "https://registry.npmjs.org/yaml/-/yaml-2.2.1.tgz",
      "integrity": "sha512-e0WHiYql7+9wr4cWMx3TVQrNwejKaEe7/rHNmQmqRjazfOP5W8PB6Jpebb5o6fIapbz9o9+2ipcaTM2ZwDI6lw==",
      "dev": true,
      "engines": {
        "node": ">= 14"
      }
    }
  },
  "dependencies": {
    "@scramjet/api-client": {
      "version": "0.31.4",
      "resolved": "https://registry.npmjs.org/@scramjet/api-client/-/api-client-0.31.4.tgz",
      "integrity": "sha512-x3h71eKUnH9sVIoubtX4xN20EsiDau+MQacoP6uhhXuxKh01y0MNww8IbOYSFO7+HPPcI4WAbjcG5U/5rh3C8w==",
      "dev": true,
      "requires": {
        "@scramjet/client-utils": "^0.31.4",
        "@scramjet/sth-config": "^0.31.4",
        "@scramjet/symbols": "^0.31.4",
        "n-readlines": "^1.0.1",
        "scramjet": "^4.36.9"
      }
    },
    "@scramjet/cli": {
      "version": "0.31.4",
      "resolved": "https://registry.npmjs.org/@scramjet/cli/-/cli-0.31.4.tgz",
      "integrity": "sha512-Zb93Drrwf0cgyOnb32zk7sOeEOn7ZDR3T5k2MsbfQ4p9UC1P4tZUJ6WzadUmqEmhEHlAsqMJogj5+/g9kdEtqw==",
      "dev": true,
      "requires": {
        "@scramjet/api-client": "^0.31.4",
        "@scramjet/client-utils": "^0.31.4",
        "@scramjet/middleware-api-client": "^0.31.4",
        "@scramjet/obj-logger": "^0.31.4",
        "@scramjet/utility": "^0.31.4",
        "chalk": "^4.1.2",
        "commander": "^8.3.0",
        "commander-completion": "^1.0.1",
        "find-package-json": "^1.2.0",
        "minimatch": "^3.1.2",
        "scramjet": "^4.36.9",
        "tar": "^6.1.11",
        "validator": "^13.7.0"
      }
    },
    "@scramjet/client-utils": {
      "version": "0.31.4",
      "resolved": "https://registry.npmjs.org/@scramjet/client-utils/-/client-utils-0.31.4.tgz",
      "integrity": "sha512-CGqc85bT8BdXS3mKkh6fZ1O50knq3shVM1NSPKTUR2XU3Hfr8Rb8pZPBQyYvBTb5c3aERv1El6zZMNgytHy1mQ==",
      "dev": true,
      "requires": {
        "@scramjet/model": "^0.31.4",
        "@scramjet/obj-logger": "^0.31.4",
        "@scramjet/sth-config": "^0.31.4",
        "@scramjet/symbols": "^0.31.4",
        "@scramjet/utility": "^0.31.4",
        "abort-controller": "^3.0.0",
        "n-readlines": "^1.0.1",
        "node-fetch": "^2.6.7",
        "normalize-url": "^5.3.1",
        "scramjet": "^4.36.9"
      }
    },
    "@scramjet/manager-api-client": {
      "version": "0.31.4",
      "resolved": "https://registry.npmjs.org/@scramjet/manager-api-client/-/manager-api-client-0.31.4.tgz",
      "integrity": "sha512-7hYiUKP/CMLWV116b4D1cFBVycdNLVYCJwkI/WMcx1vMDDFnLwAAUBRCwH92wEzOHaVd264F1xAJ9mjY8jAknA==",
      "dev": true,
      "requires": {
        "@scramjet/api-client": "^0.31.4",
        "@scramjet/client-utils": "^0.31.4"
      }
    },
    "@scramjet/middleware-api-client": {
      "version": "0.31.4",
      "resolved": "https://registry.npmjs.org/@scramjet/middleware-api-client/-/middleware-api-client-0.31.4.tgz",
      "integrity": "sha512-U+5qNAKuOwuJ/Xn/yLimuhIg3DNR8jrU13lC9AoGAndmHFNUEO/SsVhrS6uOEprkgDVTSDoa9BPrZKCuEnzrEw==",
      "dev": true,
      "requires": {
        "@scramjet/api-client": "^0.31.4",
        "@scramjet/client-utils": "^0.31.4",
        "@scramjet/manager-api-client": "^0.31.4",
        "@scramjet/multi-manager-api-client": "^0.31.4"
      }
    },
    "@scramjet/model": {
      "version": "0.31.4",
      "resolved": "https://registry.npmjs.org/@scramjet/model/-/model-0.31.4.tgz",
      "integrity": "sha512-NkM/6DhVpN0tsE/1aCY9v2EOSxq3IecBtwtnaz9EYEAb0XTt78hkseALevzvOLDvc4G+F0BqmZKeqHWxbAJFgg==",
      "dev": true,
      "requires": {
        "@scramjet/obj-logger": "^0.31.4",
        "@scramjet/symbols": "^0.31.4",
        "scramjet": "^4.36.9",
        "uuid": "^8.3.2"
      }
    },
    "@scramjet/multi-manager-api-client": {
      "version": "0.31.4",
      "resolved": "https://registry.npmjs.org/@scramjet/multi-manager-api-client/-/multi-manager-api-client-0.31.4.tgz",
      "integrity": "sha512-wBI9MOLPIzah2tgQhPp7GjCnngLpza0ML6OMTvP/qpmr83SxXQWN+8UXKahfUD/x8+HF3XvHAjdPDfNGUYTiSA==",
      "dev": true,
      "requires": {
        "@scramjet/api-client": "^0.31.4",
        "@scramjet/client-utils": "^0.31.4",
        "@scramjet/manager-api-client": "^0.31.4"
      }
    },
    "@scramjet/obj-logger": {
      "version": "0.31.4",
      "resolved": "https://registry.npmjs.org/@scramjet/obj-logger/-/obj-logger-0.31.4.tgz",
      "integrity": "sha512-6sfS45IWkRMmdiG+2egr7FTyjpNW5Dc+n2WvzWbk6M/37/B30lRUtVkYGKTpIBbw/arp6lUuH0w/QjlC+QAiDQ==",
      "dev": true,
      "requires": {
        "@scramjet/utility": "^0.31.4",
        "scramjet": "^4.36.9"
      }
    },
    "@scramjet/sth-config": {
      "version": "0.31.4",
      "resolved": "https://registry.npmjs.org/@scramjet/sth-config/-/sth-config-0.31.4.tgz",
      "integrity": "sha512-Nu0t/xvpWbgsEwlOZbui30d3ZcwohlL7Nxv3voht3Yx9Xh0k6eo7bv3Ku5PCV94b6FCW3LPGl6b5ptDdaunRZg==",
      "dev": true,
      "requires": {
        "@scramjet/utility": "^0.31.4"
      }
    },
    "@scramjet/symbols": {
      "version": "0.31.4",
      "resolved": "https://registry.npmjs.org/@scramjet/symbols/-/symbols-0.31.4.tgz",
      "integrity": "sha512-dJWBd7VgMU627SlXVg27n3F/aBzvUHTEGMCTq5N46W91OeU/YhjRT+dO5NyJhAxpyTHdlMFCHKAFC9FrGzdoMw==",
      "dev": true
    },
    "@scramjet/types": {
      "version": "0.31.4",
      "resolved": "https://registry.npmjs.org/@scramjet/types/-/types-0.31.4.tgz",
      "integrity": "sha512-RxJzbRD+q4w5RrlaT5cg6GdlMzlXnDrqBSKaAeDdzu/2OgApHJOBE4roP1hqtwQkgtQvXMNeF8uUJM0IFCsjSQ==",
      "dev": true,
      "requires": {
        "@scramjet/symbols": "^0.31.4",
        "http-status-codes": "^2.2.0"
      }
    },
    "@scramjet/utility": {
      "version": "0.31.4",
      "resolved": "https://registry.npmjs.org/@scramjet/utility/-/utility-0.31.4.tgz",
      "integrity": "sha512-BFwoYu+u5SbuJX5QgzrSgb+6Vak+cCAu141C5zasoAMplM4AmvqPWQAZ7CQ6Du7KQA7HsJqgD0xCHHky+mgoEA==",
      "dev": true,
      "requires": {
        "normalize-url": "^5.3.1",
        "yaml": "^2.1.3"
      }
    },
    "abort-controller": {
      "version": "3.0.0",
      "resolved": "https://registry.npmjs.org/abort-controller/-/abort-controller-3.0.0.tgz",
      "integrity": "sha512-h8lQ8tacZYnR3vNQTgibj+tODHI5/+l06Au2Pcriv/Gmet0eaj4TwWH41sO9wnHDiQsEj19q0drzdWdeAHtweg==",
      "dev": true,
      "requires": {
        "event-target-shim": "^5.0.0"
      }
    },
    "ansi-styles": {
      "version": "4.3.0",
      "resolved": "https://registry.npmjs.org/ansi-styles/-/ansi-styles-4.3.0.tgz",
      "integrity": "sha512-zbB9rCJAT1rbjiVDb2hqKFHNYLxgtk8NURxZ3IZwD3F6NtxbXZQCnnSi1Lkx+IDohdPlFp222wVALIheZJQSEg==",
      "dev": true,
      "requires": {
        "color-convert": "^2.0.1"
      }
    },
    "balanced-match": {
      "version": "1.0.2",
      "resolved": "https://registry.npmjs.org/balanced-match/-/balanced-match-1.0.2.tgz",
      "integrity": "sha512-3oSeUO0TMV67hN1AmbXsK4yaqU7tjiHlbxRDZOpH0KW9+CeX4bRAaX0Anxt0tx2MrpRpWwQaPwIlISEJhYU5Pw==",
      "dev": true
    },
    "brace-expansion": {
      "version": "1.1.11",
      "resolved": "https://registry.npmjs.org/brace-expansion/-/brace-expansion-1.1.11.tgz",
      "integrity": "sha512-iCuPHDFgrHX7H2vEI/5xpz07zSHB00TpugqhmYtVmMO6518mCuRMoOYFldEBl0g187ufozdaHgWKcYFb61qGiA==",
      "dev": true,
      "requires": {
        "balanced-match": "^1.0.0",
        "concat-map": "0.0.1"
      }
    },
    "chalk": {
      "version": "4.1.2",
      "resolved": "https://registry.npmjs.org/chalk/-/chalk-4.1.2.tgz",
      "integrity": "sha512-oKnbhFyRIXpUuez8iBMmyEa4nbj4IOQyuhc/wy9kY7/WVPcwIO9VA668Pu8RkO7+0G76SLROeyw9CpQ061i4mA==",
      "dev": true,
      "requires": {
        "ansi-styles": "^4.1.0",
        "supports-color": "^7.1.0"
      }
    },
    "chownr": {
      "version": "2.0.0",
      "resolved": "https://registry.npmjs.org/chownr/-/chownr-2.0.0.tgz",
      "integrity": "sha512-bIomtDF5KGpdogkLd9VspvFzk9KfpyyGlS8YFVZl7TGPBHL5snIOnxeshwVgPteQ9b4Eydl+pVbIyE1DcvCWgQ==",
      "dev": true
    },
    "clone": {
      "version": "0.1.19",
      "resolved": "https://registry.npmjs.org/clone/-/clone-0.1.19.tgz",
      "integrity": "sha512-IO78I0y6JcSpEPHzK4obKdsL7E7oLdRVDVOLwr2Hkbjsb+Eoz0dxW6tef0WizoKu0gLC4oZSZuEF4U2K6w1WQw==",
      "dev": true
    },
    "color-convert": {
      "version": "2.0.1",
      "resolved": "https://registry.npmjs.org/color-convert/-/color-convert-2.0.1.tgz",
      "integrity": "sha512-RRECPsj7iu/xb5oKYcsFHSppFNnsj/52OVTRKb4zP5onXwVF3zVmmToNcOfGC+CRDpfK/U584fMg38ZHCaElKQ==",
      "dev": true,
      "requires": {
        "color-name": "~1.1.4"
      }
    },
    "color-name": {
      "version": "1.1.4",
      "resolved": "https://registry.npmjs.org/color-name/-/color-name-1.1.4.tgz",
      "integrity": "sha512-dOy+3AuW3a2wNbZHIuMZpTcgjGuLU/uBL/ubcZF9OXbDo8ff4O8yVp5Bf0efS8uEoYo5q4Fx7dY9OgQGXgAsQA==",
      "dev": true
    },
    "commander": {
      "version": "8.3.0",
      "resolved": "https://registry.npmjs.org/commander/-/commander-8.3.0.tgz",
      "integrity": "sha512-OkTL9umf+He2DZkUq8f8J9of7yL6RJKI24dVITBmNfZBmri9zYZQrKkuXiKhyfPSu8tUhnVBB1iKXevvnlR4Ww==",
      "dev": true
    },
    "commander-completion": {
      "version": "1.0.1",
      "resolved": "https://registry.npmjs.org/commander-completion/-/commander-completion-1.0.1.tgz",
      "integrity": "sha512-vB9PaGRqUgrVRkibVFnd4VTx7gPt+/SxJr8vYi1KWDMl00tEHQOfakmntCVx/TX7ZZxKF7XgVti4/iUVhbxdLA==",
      "dev": true,
      "requires": {
        "completion": "~1.0.1"
      }
    },
    "completion": {
      "version": "1.0.3",
      "resolved": "https://registry.npmjs.org/completion/-/completion-1.0.3.tgz",
      "integrity": "sha512-uptx4YCEYMtsq20x8X0LzuEALa+BAAFbByOSMInlDfiP7dw/8YuQSE2zbdr9yc2MvtCN/yKhO/cd4bNx7N1stg==",
      "dev": true,
      "requires": {
        "clone": "~0.1.16",
        "line-info": "~0.2.0"
      }
    },
    "concat-map": {
      "version": "0.0.1",
      "resolved": "https://registry.npmjs.org/concat-map/-/concat-map-0.0.1.tgz",
      "integrity": "sha512-/Srv4dswyQNBfohGpz9o6Yb3Gz3SrUDqBH5rTuhGR7ahtlbYKnVxw2bCFMRljaA7EXHaXZ8wsHdodFvbkhKmqg==",
      "dev": true
    },
    "event-target-shim": {
      "version": "5.0.1",
      "resolved": "https://registry.npmjs.org/event-target-shim/-/event-target-shim-5.0.1.tgz",
      "integrity": "sha512-i/2XbnSz/uxRCU6+NdVJgKWDTM427+MqYbkQzD321DuCQJUqOuJKIA0IM2+W2xtYHdKOmZ4dR6fExsd4SXL+WQ==",
      "dev": true
    },
    "find-package-json": {
      "version": "1.2.0",
      "resolved": "https://registry.npmjs.org/find-package-json/-/find-package-json-1.2.0.tgz",
      "integrity": "sha512-+SOGcLGYDJHtyqHd87ysBhmaeQ95oWspDKnMXBrnQ9Eq4OkLNqejgoaD8xVWu6GPa0B6roa6KinCMEMcVeqONw==",
      "dev": true
    },
    "fs-minipass": {
      "version": "2.1.0",
      "resolved": "https://registry.npmjs.org/fs-minipass/-/fs-minipass-2.1.0.tgz",
      "integrity": "sha512-V/JgOLFCS+R6Vcq0slCuaeWEdNC3ouDlJMNIsacH2VtALiu9mV4LPrHc5cDl8k5aw6J8jwgWWpiTo5RYhmIzvg==",
      "dev": true,
      "requires": {
        "minipass": "^3.0.0"
      },
      "dependencies": {
        "minipass": {
          "version": "3.3.6",
          "resolved": "https://registry.npmjs.org/minipass/-/minipass-3.3.6.tgz",
          "integrity": "sha512-DxiNidxSEK+tHG6zOIklvNOwm3hvCrbUrdtzY74U6HKTJxvIDfOUL5W5P2Ghd3DTkhhKPYGqeNUIh5qcM4YBfw==",
          "dev": true,
          "requires": {
            "yallist": "^4.0.0"
          }
        }
      }
    },
    "has-flag": {
      "version": "4.0.0",
      "resolved": "https://registry.npmjs.org/has-flag/-/has-flag-4.0.0.tgz",
      "integrity": "sha512-EykJT/Q1KjTWctppgIAgfSO0tKVuZUjhgMr17kqTumMl6Afv3EISleU7qZUzoXDFTAHTDC4NOoG/ZxU3EvlMPQ==",
      "dev": true
    },
    "http-status-codes": {
      "version": "2.2.0",
      "resolved": "https://registry.npmjs.org/http-status-codes/-/http-status-codes-2.2.0.tgz",
      "integrity": "sha512-feERVo9iWxvnejp3SEfm/+oNG517npqL2/PIA8ORjyOZjGC7TwCRQsZylciLS64i6pJ0wRYz3rkXLRwbtFa8Ng==",
      "dev": true
    },
    "line-info": {
      "version": "0.2.0",
      "resolved": "https://registry.npmjs.org/line-info/-/line-info-0.2.0.tgz",
      "integrity": "sha512-2EapVhnSTnRbRyvr27GmCJM9BouIM8YVzm2LhEZ9JT9emzeoSxDea+wJ72/uCGR5oOQSq5mveStDQecCp3mJjw==",
      "dev": true
    },
    "minimatch": {
      "version": "3.1.2",
      "resolved": "https://registry.npmjs.org/minimatch/-/minimatch-3.1.2.tgz",
      "integrity": "sha512-J7p63hRiAjw1NDEww1W7i37+ByIrOWO5XQQAzZ3VOcL0PNybwpfmV/N05zFAzwQ9USyEcX6t3UO+K5aqBQOIHw==",
      "dev": true,
      "requires": {
        "brace-expansion": "^1.1.7"
      }
    },
    "minipass": {
      "version": "4.0.2",
      "resolved": "https://registry.npmjs.org/minipass/-/minipass-4.0.2.tgz",
      "integrity": "sha512-4Hbzei7ZyBp+1aw0874YWpKOubZd/jc53/XU+gkYry1QV+VvrbO8icLM5CUtm4F0hyXn85DXYKEMIS26gitD3A==",
      "dev": true
    },
    "minizlib": {
      "version": "2.1.2",
      "resolved": "https://registry.npmjs.org/minizlib/-/minizlib-2.1.2.tgz",
      "integrity": "sha512-bAxsR8BVfj60DWXHE3u30oHzfl4G7khkSuPW+qvpd7jFRHm7dLxOjUk1EHACJ/hxLY8phGJ0YhYHZo7jil7Qdg==",
      "dev": true,
      "requires": {
        "minipass": "^3.0.0",
        "yallist": "^4.0.0"
      },
      "dependencies": {
        "minipass": {
          "version": "3.3.6",
          "resolved": "https://registry.npmjs.org/minipass/-/minipass-3.3.6.tgz",
          "integrity": "sha512-DxiNidxSEK+tHG6zOIklvNOwm3hvCrbUrdtzY74U6HKTJxvIDfOUL5W5P2Ghd3DTkhhKPYGqeNUIh5qcM4YBfw==",
          "dev": true,
          "requires": {
            "yallist": "^4.0.0"
          }
        }
      }
    },
    "mkdirp": {
      "version": "1.0.4",
      "resolved": "https://registry.npmjs.org/mkdirp/-/mkdirp-1.0.4.tgz",
      "integrity": "sha512-vVqVZQyf3WLx2Shd0qJ9xuvqgAyKPLAiqITEtqW0oIUjzo3PePDd6fW9iFz30ef7Ysp/oiWqbhszeGWW2T6Gzw==",
      "dev": true
    },
    "n-readlines": {
      "version": "1.0.1",
      "resolved": "https://registry.npmjs.org/n-readlines/-/n-readlines-1.0.1.tgz",
      "integrity": "sha512-z4SyAIVgMy7CkgsoNw7YVz40v0g4+WWvvqy8+ZdHrCtgevcEO758WQyrYcw3XPxcLxF+//RszTz/rO48nzD0wQ==",
      "dev": true
    },
    "node-fetch": {
      "version": "2.6.9",
      "resolved": "https://registry.npmjs.org/node-fetch/-/node-fetch-2.6.9.tgz",
      "integrity": "sha512-DJm/CJkZkRjKKj4Zi4BsKVZh3ValV5IR5s7LVZnW+6YMh0W1BfNA8XSs6DLMGYlId5F3KnA70uu2qepcR08Qqg==",
      "dev": true,
      "requires": {
        "whatwg-url": "^5.0.0"
      }
    },
    "normalize-url": {
      "version": "5.3.1",
      "resolved": "https://registry.npmjs.org/normalize-url/-/normalize-url-5.3.1.tgz",
      "integrity": "sha512-K1c7+vaAP+Yh5bOGmA10PGPpp+6h7WZrl7GwqKhUflBc9flU9pzG27DDeB9+iuhZkE3BJZOcgN1P/2sS5pqrWw==",
      "dev": true
    },
    "papaparse": {
      "version": "5.3.2",
      "resolved": "https://registry.npmjs.org/papaparse/-/papaparse-5.3.2.tgz",
      "integrity": "sha512-6dNZu0Ki+gyV0eBsFKJhYr+MdQYAzFUGlBMNj3GNrmHxmz1lfRa24CjFObPXtjcetlOv5Ad299MhIK0znp3afw==",
      "dev": true
    },
    "rereadable-stream": {
      "version": "1.4.14",
      "resolved": "https://registry.npmjs.org/rereadable-stream/-/rereadable-stream-1.4.14.tgz",
      "integrity": "sha512-vGANaSU3Uvl33Lz88otjkoXkiBx01KjrusdsW2K95JbJveWZdjf11CyutMRZyy7nj7NyCTRynauTbaiM7MCgkg==",
      "dev": true
    },
    "scramjet": {
      "version": "4.36.9",
      "resolved": "https://registry.npmjs.org/scramjet/-/scramjet-4.36.9.tgz",
      "integrity": "sha512-vHRQy3hE1gC3tYDKPLGmvQgEQV4oL3JpOA7tP07eGcez+Py2mX8yFu81OeSBPwSwjHX5BrAe8pXVkgT3CMkC/g==",
      "dev": true,
      "requires": {
        "papaparse": "^5.3.2",
        "rereadable-stream": "^1.4.14",
        "scramjet-core": "^4.32.10"
      }
    },
    "scramjet-core": {
      "version": "4.32.10",
      "resolved": "https://registry.npmjs.org/scramjet-core/-/scramjet-core-4.32.10.tgz",
      "integrity": "sha512-B4xYXl8+sT3Fy/DAKmGE1TJafHm+U46AUY3w0v4XseNwhy94C+JfzKR/9+F1gmEihn+E7tDPXnqlquGDmQ6o8Q==",
      "dev": true
    },
    "supports-color": {
      "version": "7.2.0",
      "resolved": "https://registry.npmjs.org/supports-color/-/supports-color-7.2.0.tgz",
      "integrity": "sha512-qpCAvRl9stuOHveKsn7HncJRvv501qIacKzQlO/+Lwxc9+0q2wLyv4Dfvt80/DPn2pqOBsJdDiogXGR9+OvwRw==",
      "dev": true,
      "requires": {
        "has-flag": "^4.0.0"
      }
    },
    "tar": {
      "version": "6.1.13",
      "resolved": "https://registry.npmjs.org/tar/-/tar-6.1.13.tgz",
      "integrity": "sha512-jdIBIN6LTIe2jqzay/2vtYLlBHa3JF42ot3h1dW8Q0PaAG4v8rm0cvpVePtau5C6OKXGGcgO9q2AMNSWxiLqKw==",
      "dev": true,
      "requires": {
        "chownr": "^2.0.0",
        "fs-minipass": "^2.0.0",
        "minipass": "^4.0.0",
        "minizlib": "^2.1.1",
        "mkdirp": "^1.0.3",
        "yallist": "^4.0.0"
      }
    },
    "tr46": {
      "version": "0.0.3",
      "resolved": "https://registry.npmjs.org/tr46/-/tr46-0.0.3.tgz",
      "integrity": "sha512-N3WMsuqV66lT30CrXNbEjx4GEwlow3v6rr4mCcv6prnfwhS01rkgyFdjPNBYd9br7LpXV1+Emh01fHnq2Gdgrw==",
      "dev": true
    },
    "uuid": {
      "version": "8.3.2",
      "resolved": "https://registry.npmjs.org/uuid/-/uuid-8.3.2.tgz",
      "integrity": "sha512-+NYs2QeMWy+GWFOEm9xnn6HCDp0l7QBD7ml8zLUmJ+93Q5NF0NocErnwkTkXVFNiX3/fpC6afS8Dhb/gz7R7eg==",
      "dev": true
    },
    "validator": {
      "version": "13.9.0",
      "resolved": "https://registry.npmjs.org/validator/-/validator-13.9.0.tgz",
      "integrity": "sha512-B+dGG8U3fdtM0/aNK4/X8CXq/EcxU2WPrPEkJGslb47qyHsxmbggTWK0yEA4qnYVNF+nxNlN88o14hIcPmSIEA==",
      "dev": true
    },
    "webidl-conversions": {
      "version": "3.0.1",
      "resolved": "https://registry.npmjs.org/webidl-conversions/-/webidl-conversions-3.0.1.tgz",
      "integrity": "sha512-2JAn3z8AR6rjK8Sm8orRC0h/bcl/DqL7tRPdGZ4I1CjdF+EaMLmYxBHyXuKL849eucPFhvBoxMsflfOb8kxaeQ==",
      "dev": true
    },
    "whatwg-url": {
      "version": "5.0.0",
      "resolved": "https://registry.npmjs.org/whatwg-url/-/whatwg-url-5.0.0.tgz",
      "integrity": "sha512-saE57nupxk6v3HY35+jzBwYa0rKSy0XR8JSxZPwgLr7ys0IBzhGviA1/TUGJLmSVqs8pb9AnvICXEuOHLprYTw==",
      "dev": true,
      "requires": {
        "tr46": "~0.0.3",
        "webidl-conversions": "^3.0.0"
      }
    },
    "yallist": {
      "version": "4.0.0",
      "resolved": "https://registry.npmjs.org/yallist/-/yallist-4.0.0.tgz",
      "integrity": "sha512-3wdGidZyq5PB084XLES5TpOSRA3wjXAlIWMhum2kRcv/41Sn2emQ0dycQW4uZXLejwKvg6EsvbdlVL+FYEct7A==",
      "dev": true
    },
    "yaml": {
      "version": "2.2.1",
      "resolved": "https://registry.npmjs.org/yaml/-/yaml-2.2.1.tgz",
      "integrity": "sha512-e0WHiYql7+9wr4cWMx3TVQrNwejKaEe7/rHNmQmqRjazfOP5W8PB6Jpebb5o6fIapbz9o9+2ipcaTM2ZwDI6lw==",
      "dev": true
    }
  }
}
