{
  "name": "@scramjet/js-transformer",
  "version": "1.0.0",
  "lockfileVersion": 3,
  "requires": true,
  "packages": {
    "": {
      "name": "@scramjet/js-transformer",
      "version": "1.0.0",
      "license": "ISC",
      "dependencies": {
        "@scramjet/api-server": "^0.39.3"
      },
      "devDependencies": {
        "@scramjet/types": "^0.39.3"
      },
      "engines": {
        "node": ">=16"
      }
    },
    "node_modules/@scramjet/api-server": {
      "version": "0.39.3",
      "resolved": "https://registry.npmjs.org/@scramjet/api-server/-/api-server-0.39.3.tgz",
      "integrity": "sha512-fN9mnkA0nRrz+JWWnGRAqSUWKG5bJN2jO1kFJ/IsL+8gsRvzIyNPYBsgYSknG+ua8cKu2AAiqm1ptx1+xHcLOg==",
      "dependencies": {
        "@scramjet/model": "^0.39.3",
        "@scramjet/obj-logger": "^0.39.3",
        "@scramjet/symbols": "^0.39.3",
        "@scramjet/utility": "^0.39.3",
        "0http": "^3.4.1",
        "http-status-codes": "^2.2.0",
        "scramjet": "^4.36.9"
      }
    },
    "node_modules/@scramjet/model": {
      "version": "0.39.3",
      "resolved": "https://registry.npmjs.org/@scramjet/model/-/model-0.39.3.tgz",
      "integrity": "sha512-hdK9jzlt0snqgBjvFPUNqnNWDAaSMOEh99rbUX4RsHDiHjp4p3b9Enksh/1Ipcx83qmsiirnCZTz0IIzpZqnrA==",
      "dependencies": {
        "@scramjet/obj-logger": "^0.39.3",
        "@scramjet/symbols": "^0.39.3",
        "scramjet": "^4.36.9",
        "uuid": "^8.3.2"
      }
    },
    "node_modules/@scramjet/obj-logger": {
      "version": "0.39.3",
      "resolved": "https://registry.npmjs.org/@scramjet/obj-logger/-/obj-logger-0.39.3.tgz",
      "integrity": "sha512-Onyp4NB8QkiUFW0RTmS2pAGi3IZL3q6LIDY/4MDNQvas+0IWKDtwuD+yp6HMB0sOIkL51qB33GnHkiz2l6alqA==",
      "dependencies": {
        "@scramjet/utility": "^0.39.3",
        "scramjet": "^4.36.9"
      }
    },
    "node_modules/@scramjet/symbols": {
      "version": "0.39.3",
      "resolved": "https://registry.npmjs.org/@scramjet/symbols/-/symbols-0.39.3.tgz",
      "integrity": "sha512-e6Wqgrg+Ye38VbkIQ75WqQRJ4CSmeMWZ6w6gEUwBHML2bzUVCLKdWbFJ1sdmiT2jhOsT06+sTlgg1M36LkIFXg=="
    },
    "node_modules/@scramjet/types": {
      "version": "0.39.3",
      "resolved": "https://registry.npmjs.org/@scramjet/types/-/types-0.39.3.tgz",
      "integrity": "sha512-oWofghNlik0JNbZ8GnWdxgL43pZP3mlql/Ahjd+N6cSi8Q1FhRnFvV6jS/sbRIYIFocWsKripqw9OOEu13bJLw==",
      "dev": true,
      "dependencies": {
        "@scramjet/symbols": "^0.39.3",
        "http-status-codes": "^2.2.0"
      }
    },
    "node_modules/@scramjet/utility": {
      "version": "0.39.3",
      "resolved": "https://registry.npmjs.org/@scramjet/utility/-/utility-0.39.3.tgz",
      "integrity": "sha512-oGBGE3+huVNjds2OXX+B63KUh+RJ52B235pLtoEgVN4cBnDop7fif47oXlhgW1uqDAedNDPmC4OBsjuhwbym2A==",
      "dependencies": {
        "normalize-url": "4",
        "yaml": "^2.2.2"
      }
    },
    "node_modules/0http": {
      "version": "3.5.2",
      "resolved": "https://registry.npmjs.org/0http/-/0http-3.5.2.tgz",
      "integrity": "sha512-XKr84kx73BuaqIQlZ7M9oWssfFEvPpD0PLETAkZ1SMwCad55KXaADke5wbc7jeu3aYSP4urlrFjtBBA8e2LoHA==",
      "dependencies": {
        "lru-cache": "^7.18.1",
        "regexparam": "^2.0.1",
        "trouter": "^3.2.1"
      },
      "engines": {
        "node": ">=10.x"
      }
    },
    "node_modules/http-status-codes": {
      "version": "2.3.0",
      "resolved": "https://registry.npmjs.org/http-status-codes/-/http-status-codes-2.3.0.tgz",
      "integrity": "sha512-RJ8XvFvpPM/Dmc5SV+dC4y5PCeOhT3x1Hq0NU3rjGeg5a/CqlhZ7uudknPwZFz4aeAXDcbAyaeP7GAo9lvngtA=="
    },
    "node_modules/lru-cache": {
      "version": "7.18.3",
      "resolved": "https://registry.npmjs.org/lru-cache/-/lru-cache-7.18.3.tgz",
      "integrity": "sha512-jumlc0BIUrS3qJGgIkWZsyfAM7NCWiBcCDhnd+3NNM5KbBmLTgHVfWBcg6W+rLUsIpzpERPsvwUP7CckAQSOoA==",
      "engines": {
        "node": ">=12"
      }
    },
    "node_modules/normalize-url": {
      "version": "4.5.1",
      "resolved": "https://registry.npmjs.org/normalize-url/-/normalize-url-4.5.1.tgz",
      "integrity": "sha512-9UZCFRHQdNrfTpGg8+1INIg93B6zE0aXMVFkw1WFwvO4SlZywU6aLg5Of0Ap/PgcbSw4LNxvMWXMeugwMCX0AA==",
      "engines": {
        "node": ">=8"
      }
    },
    "node_modules/papaparse": {
      "version": "5.4.1",
      "resolved": "https://registry.npmjs.org/papaparse/-/papaparse-5.4.1.tgz",
      "integrity": "sha512-HipMsgJkZu8br23pW15uvo6sib6wne/4woLZPlFf3rpDyMe9ywEXUsuD7+6K9PRkJlVT51j/sCOYDKGGS3ZJrw=="
    },
    "node_modules/regexparam": {
      "version": "2.0.2",
      "resolved": "https://registry.npmjs.org/regexparam/-/regexparam-2.0.2.tgz",
      "integrity": "sha512-A1PeDEYMrkLrfyOwv2jwihXbo9qxdGD3atBYQA9JJgreAx8/7rC6IUkWOw2NQlOxLp2wL0ifQbh1HuidDfYA6w==",
      "engines": {
        "node": ">=8"
      }
    },
    "node_modules/rereadable-stream": {
      "version": "1.4.14",
      "resolved": "https://registry.npmjs.org/rereadable-stream/-/rereadable-stream-1.4.14.tgz",
      "integrity": "sha512-vGANaSU3Uvl33Lz88otjkoXkiBx01KjrusdsW2K95JbJveWZdjf11CyutMRZyy7nj7NyCTRynauTbaiM7MCgkg==",
      "engines": {
        "node": ">=8.6.0"
      }
    },
    "node_modules/scramjet": {
      "version": "4.37.0",
      "resolved": "https://registry.npmjs.org/scramjet/-/scramjet-4.37.0.tgz",
      "integrity": "sha512-Y6b59qGsulkr5MxiVn9CABnL9pE/sPKihCcWSUhzZc6W0YWbfLWRXc1fE1M40QKfOQUBxks81efzJ7WpEuFmlQ==",
      "funding": [
        {
          "type": "github",
          "url": "https://github.com/sponsors/scramjetorg"
        },
        {
          "type": "individual",
          "url": "https://www.paypal.com/cgi-bin/webscr?cmd=_s-xclick&hosted_button_id=7F7V65C43EBMW"
        }
      ],
      "dependencies": {
        "papaparse": "^5.4.1",
        "rereadable-stream": "^1.4.14",
        "scramjet-core": "^4.32.12"
      },
      "engines": {
        "node": ">=10.0.0"
      }
    },
    "node_modules/scramjet-core": {
      "version": "4.32.12",
      "resolved": "https://registry.npmjs.org/scramjet-core/-/scramjet-core-4.32.12.tgz",
      "integrity": "sha512-FkNaZqzXvzqdwrUWzMztJq2RUBcpBlm08zOYIhA69+//FzgrespLBz7DmCXdXfujjvmUIFGgq/T3aPFy1ctonw==",
      "engines": {
        "node": ">=10.0.0"
      }
    },
    "node_modules/trouter": {
      "version": "3.2.1",
      "resolved": "https://registry.npmjs.org/trouter/-/trouter-3.2.1.tgz",
      "integrity": "sha512-oY3CmIiEYOe1YMEzh++I67lrNOUldtCeuLL0vRPydvQLHZpSJ03B5dgDFlpFsiriMq6e//NDjjopjUzXOztHow==",
      "dependencies": {
        "regexparam": "^1.3.0"
      },
      "engines": {
        "node": ">=6"
      }
    },
    "node_modules/trouter/node_modules/regexparam": {
      "version": "1.3.0",
      "resolved": "https://registry.npmjs.org/regexparam/-/regexparam-1.3.0.tgz",
      "integrity": "sha512-6IQpFBv6e5vz1QAqI+V4k8P2e/3gRrqfCJ9FI+O1FLQTO+Uz6RXZEZOPmTJ6hlGj7gkERzY5BRCv09whKP96/g==",
      "engines": {
        "node": ">=6"
      }
    },
    "node_modules/uuid": {
      "version": "8.3.2",
      "resolved": "https://registry.npmjs.org/uuid/-/uuid-8.3.2.tgz",
      "integrity": "sha512-+NYs2QeMWy+GWFOEm9xnn6HCDp0l7QBD7ml8zLUmJ+93Q5NF0NocErnwkTkXVFNiX3/fpC6afS8Dhb/gz7R7eg==",
      "bin": {
        "uuid": "dist/bin/uuid"
      }
    },
    "node_modules/yaml": {
      "version": "2.3.4",
      "resolved": "https://registry.npmjs.org/yaml/-/yaml-2.3.4.tgz",
      "integrity": "sha512-8aAvwVUSHpfEqTQ4w/KMlf3HcRdt50E5ODIQJBw1fQ5RL34xabzxtUlzTXVqc4rkZsPbvrXKWnABCD7kWSmocA==",
      "engines": {
        "node": ">= 14"
      }
    }
  }
}
