{
  "name": "@scramjet/slack-read",
  "version": "0.23.0",
  "lockfileVersion": 2,
  "requires": true,
  "packages": {
    "": {
      "name": "@scramjet/slack-read",
      "version": "0.23.0",
      "license": "GPL-3.0",
      "dependencies": {
        "axios": "^0.24.0",
        "ws": "^8.11.0"
      },
      "devDependencies": {
        "@scramjet/types": "^0.31.2",
        "@types/node": "15.12.5",
        "scramjet": "^4.36.9",
        "typescript": "^4.9.4"
      },
      "engines": {
        "node": ">=16"
      }
    },
    "node_modules/@scramjet/symbols": {
      "version": "0.31.4",
      "resolved": "https://registry.npmjs.org/@scramjet/symbols/-/symbols-0.31.4.tgz",
      "integrity": "sha512-dJWBd7VgMU627SlXVg27n3F/aBzvUHTEGMCTq5N46W91OeU/YhjRT+dO5NyJhAxpyTHdlMFCHKAFC9FrGzdoMw==",
      "dev": true
    },
    "node_modules/@scramjet/types": {
      "version": "0.31.4",
      "resolved": "https://registry.npmjs.org/@scramjet/types/-/types-0.31.4.tgz",
      "integrity": "sha512-RxJzbRD+q4w5RrlaT5cg6GdlMzlXnDrqBSKaAeDdzu/2OgApHJOBE4roP1hqtwQkgtQvXMNeF8uUJM0IFCsjSQ==",
      "dev": true,
      "dependencies": {
        "@scramjet/symbols": "^0.31.4",
        "http-status-codes": "^2.2.0"
      }
    },
    "node_modules/@types/node": {
      "version": "15.12.5",
      "resolved": "https://registry.npmjs.org/@types/node/-/node-15.12.5.tgz",
      "integrity": "sha512-se3yX7UHv5Bscf8f1ERKvQOD6sTyycH3hdaoozvaLxgUiY5lIGEeH37AD0G0Qi9kPqihPn0HOfd2yaIEN9VwEg==",
      "dev": true
    },
    "node_modules/axios": {
      "version": "0.24.0",
      "resolved": "https://registry.npmjs.org/axios/-/axios-0.24.0.tgz",
      "integrity": "sha512-Q6cWsys88HoPgAaFAVUb0WpPk0O8iTeisR9IMqy9G8AbO4NlpVknrnQS03zzF9PGAWgO3cgletO3VjV/P7VztA==",
      "dependencies": {
        "follow-redirects": "^1.14.4"
      }
    },
    "node_modules/follow-redirects": {
      "version": "1.14.7",
      "resolved": "https://registry.npmjs.org/follow-redirects/-/follow-redirects-1.14.7.tgz",
      "integrity": "sha512-+hbxoLbFMbRKDwohX8GkTataGqO6Jb7jGwpAlwgy2bIz25XtRm7KEzJM76R1WiNT5SwZkX4Y75SwBolkpmE7iQ==",
      "funding": [
        {
          "type": "individual",
          "url": "https://github.com/sponsors/RubenVerborgh"
        }
      ],
      "engines": {
        "node": ">=4.0"
      },
      "peerDependenciesMeta": {
        "debug": {
          "optional": true
        }
      }
    },
    "node_modules/http-status-codes": {
      "version": "2.2.0",
      "resolved": "https://registry.npmjs.org/http-status-codes/-/http-status-codes-2.2.0.tgz",
      "integrity": "sha512-feERVo9iWxvnejp3SEfm/+oNG517npqL2/PIA8ORjyOZjGC7TwCRQsZylciLS64i6pJ0wRYz3rkXLRwbtFa8Ng==",
      "dev": true
    },
    "node_modules/papaparse": {
      "version": "5.3.2",
      "resolved": "https://registry.npmjs.org/papaparse/-/papaparse-5.3.2.tgz",
      "integrity": "sha512-6dNZu0Ki+gyV0eBsFKJhYr+MdQYAzFUGlBMNj3GNrmHxmz1lfRa24CjFObPXtjcetlOv5Ad299MhIK0znp3afw==",
      "dev": true
    },
    "node_modules/rereadable-stream": {
      "version": "1.4.14",
      "resolved": "https://registry.npmjs.org/rereadable-stream/-/rereadable-stream-1.4.14.tgz",
      "integrity": "sha512-vGANaSU3Uvl33Lz88otjkoXkiBx01KjrusdsW2K95JbJveWZdjf11CyutMRZyy7nj7NyCTRynauTbaiM7MCgkg==",
      "dev": true,
      "engines": {
        "node": ">=8.6.0"
      }
    },
    "node_modules/scramjet": {
      "version": "4.36.9",
      "resolved": "https://registry.npmjs.org/scramjet/-/scramjet-4.36.9.tgz",
      "integrity": "sha512-vHRQy3hE1gC3tYDKPLGmvQgEQV4oL3JpOA7tP07eGcez+Py2mX8yFu81OeSBPwSwjHX5BrAe8pXVkgT3CMkC/g==",
      "dev": true,
      "funding": [
        {
          "type": "github",
          "url": "https://github.com/sponsors/scramjetorg"
        },
        {
          "type": "individual",
          "url": "https://www.paypal.com/cgi-bin/webscr?cmd=_s-xclick&hosted_button_id=7F7V65C43EBMW"
        }
      ],
      "dependencies": {
        "papaparse": "^5.3.2",
        "rereadable-stream": "^1.4.14",
        "scramjet-core": "^4.32.10"
      },
      "engines": {
        "node": ">=10.0.0"
      }
    },
    "node_modules/scramjet-core": {
      "version": "4.32.10",
      "resolved": "https://registry.npmjs.org/scramjet-core/-/scramjet-core-4.32.10.tgz",
      "integrity": "sha512-B4xYXl8+sT3Fy/DAKmGE1TJafHm+U46AUY3w0v4XseNwhy94C+JfzKR/9+F1gmEihn+E7tDPXnqlquGDmQ6o8Q==",
      "dev": true,
      "engines": {
        "node": ">=10.0.0"
      }
    },
    "node_modules/typescript": {
      "version": "4.9.5",
      "resolved": "https://registry.npmjs.org/typescript/-/typescript-4.9.5.tgz",
      "integrity": "sha512-1FXk9E2Hm+QzZQ7z+McJiHL4NW1F2EzMu9Nq9i3zAaGqibafqYwCVU6WyWAuyQRRzOlxou8xZSyXLEN8oKj24g==",
      "dev": true,
      "bin": {
        "tsc": "bin/tsc",
        "tsserver": "bin/tsserver"
      },
      "engines": {
        "node": ">=4.2.0"
      }
    },
    "node_modules/ws": {
      "version": "8.12.0",
      "resolved": "https://registry.npmjs.org/ws/-/ws-8.12.0.tgz",
      "integrity": "sha512-kU62emKIdKVeEIOIKVegvqpXMSTAMLJozpHZaJNDYqBjzlSYXQGviYwN1osDLJ9av68qHd4a2oSjd7yD4pacig==",
      "engines": {
        "node": ">=10.0.0"
      },
      "peerDependencies": {
        "bufferutil": "^4.0.1",
        "utf-8-validate": ">=5.0.2"
      },
      "peerDependenciesMeta": {
        "bufferutil": {
          "optional": true
        },
        "utf-8-validate": {
          "optional": true
        }
      }
    }
  },
  "dependencies": {
    "@scramjet/symbols": {
      "version": "0.31.4",
      "resolved": "https://registry.npmjs.org/@scramjet/symbols/-/symbols-0.31.4.tgz",
      "integrity": "sha512-dJWBd7VgMU627SlXVg27n3F/aBzvUHTEGMCTq5N46W91OeU/YhjRT+dO5NyJhAxpyTHdlMFCHKAFC9FrGzdoMw==",
      "dev": true
    },
    "@scramjet/types": {
      "version": "0.31.4",
      "resolved": "https://registry.npmjs.org/@scramjet/types/-/types-0.31.4.tgz",
      "integrity": "sha512-RxJzbRD+q4w5RrlaT5cg6GdlMzlXnDrqBSKaAeDdzu/2OgApHJOBE4roP1hqtwQkgtQvXMNeF8uUJM0IFCsjSQ==",
      "dev": true,
      "requires": {
        "@scramjet/symbols": "^0.31.4",
        "http-status-codes": "^2.2.0"
      }
    },
    "@types/node": {
      "version": "15.12.5",
      "resolved": "https://registry.npmjs.org/@types/node/-/node-15.12.5.tgz",
      "integrity": "sha512-se3yX7UHv5Bscf8f1ERKvQOD6sTyycH3hdaoozvaLxgUiY5lIGEeH37AD0G0Qi9kPqihPn0HOfd2yaIEN9VwEg==",
      "dev": true
    },
    "axios": {
      "version": "0.24.0",
      "resolved": "https://registry.npmjs.org/axios/-/axios-0.24.0.tgz",
      "integrity": "sha512-Q6cWsys88HoPgAaFAVUb0WpPk0O8iTeisR9IMqy9G8AbO4NlpVknrnQS03zzF9PGAWgO3cgletO3VjV/P7VztA==",
      "requires": {
        "follow-redirects": "^1.14.4"
      }
    },
    "follow-redirects": {
      "version": "1.14.7",
      "resolved": "https://registry.npmjs.org/follow-redirects/-/follow-redirects-1.14.7.tgz",
      "integrity": "sha512-+hbxoLbFMbRKDwohX8GkTataGqO6Jb7jGwpAlwgy2bIz25XtRm7KEzJM76R1WiNT5SwZkX4Y75SwBolkpmE7iQ=="
    },
    "http-status-codes": {
      "version": "2.2.0",
      "resolved": "https://registry.npmjs.org/http-status-codes/-/http-status-codes-2.2.0.tgz",
      "integrity": "sha512-feERVo9iWxvnejp3SEfm/+oNG517npqL2/PIA8ORjyOZjGC7TwCRQsZylciLS64i6pJ0wRYz3rkXLRwbtFa8Ng==",
      "dev": true
    },
    "papaparse": {
      "version": "5.3.2",
      "resolved": "https://registry.npmjs.org/papaparse/-/papaparse-5.3.2.tgz",
      "integrity": "sha512-6dNZu0Ki+gyV0eBsFKJhYr+MdQYAzFUGlBMNj3GNrmHxmz1lfRa24CjFObPXtjcetlOv5Ad299MhIK0znp3afw==",
      "dev": true
    },
    "rereadable-stream": {
      "version": "1.4.14",
      "resolved": "https://registry.npmjs.org/rereadable-stream/-/rereadable-stream-1.4.14.tgz",
      "integrity": "sha512-vGANaSU3Uvl33Lz88otjkoXkiBx01KjrusdsW2K95JbJveWZdjf11CyutMRZyy7nj7NyCTRynauTbaiM7MCgkg==",
      "dev": true
    },
    "scramjet": {
      "version": "4.36.9",
      "resolved": "https://registry.npmjs.org/scramjet/-/scramjet-4.36.9.tgz",
      "integrity": "sha512-vHRQy3hE1gC3tYDKPLGmvQgEQV4oL3JpOA7tP07eGcez+Py2mX8yFu81OeSBPwSwjHX5BrAe8pXVkgT3CMkC/g==",
      "dev": true,
      "requires": {
        "papaparse": "^5.3.2",
        "rereadable-stream": "^1.4.14",
        "scramjet-core": "^4.32.10"
      }
    },
    "scramjet-core": {
      "version": "4.32.10",
      "resolved": "https://registry.npmjs.org/scramjet-core/-/scramjet-core-4.32.10.tgz",
      "integrity": "sha512-B4xYXl8+sT3Fy/DAKmGE1TJafHm+U46AUY3w0v4XseNwhy94C+JfzKR/9+F1gmEihn+E7tDPXnqlquGDmQ6o8Q==",
      "dev": true
    },
    "typescript": {
      "version": "4.9.5",
      "resolved": "https://registry.npmjs.org/typescript/-/typescript-4.9.5.tgz",
      "integrity": "sha512-1FXk9E2Hm+QzZQ7z+McJiHL4NW1F2EzMu9Nq9i3zAaGqibafqYwCVU6WyWAuyQRRzOlxou8xZSyXLEN8oKj24g==",
      "dev": true
    },
    "ws": {
      "version": "8.12.0",
      "resolved": "https://registry.npmjs.org/ws/-/ws-8.12.0.tgz",
      "integrity": "sha512-kU62emKIdKVeEIOIKVegvqpXMSTAMLJozpHZaJNDYqBjzlSYXQGviYwN1osDLJ9av68qHd4a2oSjd7yD4pacig==",
      "requires": {}
    }
  }
}
