{
  "name": "@scramjet/slack-read",
  "version": "0.0.1",
  "lockfileVersion": 2,
  "requires": true,
  "packages": {
    "": {
      "name": "@scramjet/slack-read",
      "version": "0.0.1",
      "license": "GPL-3.0",
      "dependencies": {
        "axios": "^0.24.0",
        "ws": "^8.8.1"
      },
      "devDependencies": {
        "@scramjet/types": "^0.28.0",
        "@types/node": "15.12.5",
        "scramjet": "^4.36.7",
        "typescript": "^4.7.4"
      },
      "engines": {
        "node": ">=14"
      }
    },
    "node_modules/@scramjet/symbols": {
      "version": "0.28.0",
      "resolved": "https://registry.npmjs.org/@scramjet/symbols/-/symbols-0.28.0.tgz",
      "integrity": "sha512-VVbpgUh6eoX0mULtXcCcY/1Thel4K5vd8ERayxxdfvL17uW5BubmGOnbjLm1/ZkNbD/Kr5Q817V7Y/X2TOdUXA==",
      "dev": true
    },
    "node_modules/@scramjet/types": {
      "version": "0.28.0",
      "resolved": "https://registry.npmjs.org/@scramjet/types/-/types-0.28.0.tgz",
      "integrity": "sha512-Rv7WQE9m8LXVXNYuYu96gvJlocXV+J/8EwRw8imzO8U7VuihIUsSyqCDE51Q5acDSOfpxB2D6RGy6Gi5mr2v3A==",
      "dev": true,
      "dependencies": {
        "@scramjet/symbols": "^0.28.0",
        "http-status-codes": "^2.2.0"
      }
    },
    "node_modules/@types/node": {
      "version": "15.12.5",
      "resolved": "https://registry.npmjs.org/@types/node/-/node-15.12.5.tgz",
      "integrity": "sha512-se3yX7UHv5Bscf8f1ERKvQOD6sTyycH3hdaoozvaLxgUiY5lIGEeH37AD0G0Qi9kPqihPn0HOfd2yaIEN9VwEg==",
      "dev": true
    },
    "node_modules/axios": {
      "version": "0.24.0",
      "resolved": "https://registry.npmjs.org/axios/-/axios-0.24.0.tgz",
      "integrity": "sha512-Q6cWsys88HoPgAaFAVUb0WpPk0O8iTeisR9IMqy9G8AbO4NlpVknrnQS03zzF9PGAWgO3cgletO3VjV/P7VztA==",
      "dependencies": {
        "follow-redirects": "^1.14.4"
      }
    },
    "node_modules/follow-redirects": {
      "version": "1.14.7",
      "resolved": "https://registry.npmjs.org/follow-redirects/-/follow-redirects-1.14.7.tgz",
      "integrity": "sha512-+hbxoLbFMbRKDwohX8GkTataGqO6Jb7jGwpAlwgy2bIz25XtRm7KEzJM76R1WiNT5SwZkX4Y75SwBolkpmE7iQ==",
      "funding": [
        {
          "type": "individual",
          "url": "https://github.com/sponsors/RubenVerborgh"
        }
      ],
      "engines": {
        "node": ">=4.0"
      },
      "peerDependenciesMeta": {
        "debug": {
          "optional": true
        }
      }
    },
    "node_modules/http-status-codes": {
      "version": "2.2.0",
      "resolved": "https://registry.npmjs.org/http-status-codes/-/http-status-codes-2.2.0.tgz",
      "integrity": "sha512-feERVo9iWxvnejp3SEfm/+oNG517npqL2/PIA8ORjyOZjGC7TwCRQsZylciLS64i6pJ0wRYz3rkXLRwbtFa8Ng==",
      "dev": true
    },
    "node_modules/papaparse": {
      "version": "5.3.2",
      "resolved": "https://registry.npmjs.org/papaparse/-/papaparse-5.3.2.tgz",
      "integrity": "sha512-6dNZu0Ki+gyV0eBsFKJhYr+MdQYAzFUGlBMNj3GNrmHxmz1lfRa24CjFObPXtjcetlOv5Ad299MhIK0znp3afw==",
      "dev": true
    },
    "node_modules/rereadable-stream": {
      "version": "1.4.13",
      "resolved": "https://registry.npmjs.org/rereadable-stream/-/rereadable-stream-1.4.13.tgz",
      "integrity": "sha512-g/HAYvVm1nXgmUAnqL01Zl3spGkZ9jqqlvIwlNd5O5FjQilq5BU6FeH65pcYP8Sn5lCenbpJ/+wGfkmQKKfp6A==",
      "dev": true,
      "engines": {
        "node": ">=8.6.0"
      }
    },
    "node_modules/scramjet": {
      "version": "4.36.8",
      "resolved": "https://registry.npmjs.org/scramjet/-/scramjet-4.36.8.tgz",
      "integrity": "sha512-MTNOv2AKJcfmwBoksbnTCOGdHzknB3pGNWXuT5HWKESwvrffud7lvK9y8dh1eNkKO/PmRbRHM6rYohoQUP6E8w==",
      "dev": true,
      "funding": [
        {
          "type": "github",
          "url": "https://github.com/sponsors/scramjetorg"
        },
        {
          "type": "individual",
          "url": "https://www.paypal.com/cgi-bin/webscr?cmd=_s-xclick&hosted_button_id=7F7V65C43EBMW"
        }
      ],
      "dependencies": {
        "papaparse": "^5.3.2",
        "rereadable-stream": "^1.4.13",
        "scramjet-core": "^4.32.9"
      },
      "engines": {
        "node": ">=10.0.0"
      }
    },
    "node_modules/scramjet-core": {
      "version": "4.32.9",
      "resolved": "https://registry.npmjs.org/scramjet-core/-/scramjet-core-4.32.9.tgz",
      "integrity": "sha512-LZKFxr61A9F7POXKWp54B0Amy202PqaN7IvbjFv2lF2XTrbkw056dEBciKnQCj3bLR0ptEyiN47qcorDc1Rn/w==",
      "dev": true,
      "engines": {
        "node": ">=10.0.0"
      }
    },
    "node_modules/typescript": {
      "version": "4.7.4",
      "resolved": "https://registry.npmjs.org/typescript/-/typescript-4.7.4.tgz",
      "integrity": "sha512-C0WQT0gezHuw6AdY1M2jxUO83Rjf0HP7Sk1DtXj6j1EwkQNZrHAg2XPWlq62oqEhYvONq5pkC2Y9oPljWToLmQ==",
      "dev": true,
      "bin": {
        "tsc": "bin/tsc",
        "tsserver": "bin/tsserver"
      },
      "engines": {
        "node": ">=4.2.0"
      }
    },
    "node_modules/ws": {
      "version": "8.8.1",
      "resolved": "https://registry.npmjs.org/ws/-/ws-8.8.1.tgz",
      "integrity": "sha512-bGy2JzvzkPowEJV++hF07hAD6niYSr0JzBNo/J29WsB57A2r7Wlc1UFcTR9IzrPvuNVO4B8LGqF8qcpsVOhJCA==",
      "engines": {
        "node": ">=10.0.0"
      },
      "peerDependencies": {
        "bufferutil": "^4.0.1",
        "utf-8-validate": "^5.0.2"
      },
      "peerDependenciesMeta": {
        "bufferutil": {
          "optional": true
        },
        "utf-8-validate": {
          "optional": true
        }
      }
    }
  },
  "dependencies": {
    "@scramjet/symbols": {
      "version": "0.28.0",
      "resolved": "https://registry.npmjs.org/@scramjet/symbols/-/symbols-0.28.0.tgz",
      "integrity": "sha512-VVbpgUh6eoX0mULtXcCcY/1Thel4K5vd8ERayxxdfvL17uW5BubmGOnbjLm1/ZkNbD/Kr5Q817V7Y/X2TOdUXA==",
      "dev": true
    },
    "@scramjet/types": {
      "version": "0.28.0",
      "resolved": "https://registry.npmjs.org/@scramjet/types/-/types-0.28.0.tgz",
      "integrity": "sha512-Rv7WQE9m8LXVXNYuYu96gvJlocXV+J/8EwRw8imzO8U7VuihIUsSyqCDE51Q5acDSOfpxB2D6RGy6Gi5mr2v3A==",
      "dev": true,
      "requires": {
        "@scramjet/symbols": "^0.28.0",
        "http-status-codes": "^2.2.0"
      }
    },
    "@types/node": {
      "version": "15.12.5",
      "resolved": "https://registry.npmjs.org/@types/node/-/node-15.12.5.tgz",
      "integrity": "sha512-se3yX7UHv5Bscf8f1ERKvQOD6sTyycH3hdaoozvaLxgUiY5lIGEeH37AD0G0Qi9kPqihPn0HOfd2yaIEN9VwEg==",
      "dev": true
    },
    "axios": {
      "version": "0.24.0",
      "resolved": "https://registry.npmjs.org/axios/-/axios-0.24.0.tgz",
      "integrity": "sha512-Q6cWsys88HoPgAaFAVUb0WpPk0O8iTeisR9IMqy9G8AbO4NlpVknrnQS03zzF9PGAWgO3cgletO3VjV/P7VztA==",
      "requires": {
        "follow-redirects": "^1.14.4"
      }
    },
    "follow-redirects": {
      "version": "1.14.7",
      "resolved": "https://registry.npmjs.org/follow-redirects/-/follow-redirects-1.14.7.tgz",
      "integrity": "sha512-+hbxoLbFMbRKDwohX8GkTataGqO6Jb7jGwpAlwgy2bIz25XtRm7KEzJM76R1WiNT5SwZkX4Y75SwBolkpmE7iQ=="
    },
    "http-status-codes": {
      "version": "2.2.0",
      "resolved": "https://registry.npmjs.org/http-status-codes/-/http-status-codes-2.2.0.tgz",
      "integrity": "sha512-feERVo9iWxvnejp3SEfm/+oNG517npqL2/PIA8ORjyOZjGC7TwCRQsZylciLS64i6pJ0wRYz3rkXLRwbtFa8Ng==",
      "dev": true
    },
    "papaparse": {
      "version": "5.3.2",
      "resolved": "https://registry.npmjs.org/papaparse/-/papaparse-5.3.2.tgz",
      "integrity": "sha512-6dNZu0Ki+gyV0eBsFKJhYr+MdQYAzFUGlBMNj3GNrmHxmz1lfRa24CjFObPXtjcetlOv5Ad299MhIK0znp3afw==",
      "dev": true
    },
    "rereadable-stream": {
      "version": "1.4.13",
      "resolved": "https://registry.npmjs.org/rereadable-stream/-/rereadable-stream-1.4.13.tgz",
      "integrity": "sha512-g/HAYvVm1nXgmUAnqL01Zl3spGkZ9jqqlvIwlNd5O5FjQilq5BU6FeH65pcYP8Sn5lCenbpJ/+wGfkmQKKfp6A==",
      "dev": true
    },
    "scramjet": {
      "version": "4.36.8",
      "resolved": "https://registry.npmjs.org/scramjet/-/scramjet-4.36.8.tgz",
      "integrity": "sha512-MTNOv2AKJcfmwBoksbnTCOGdHzknB3pGNWXuT5HWKESwvrffud7lvK9y8dh1eNkKO/PmRbRHM6rYohoQUP6E8w==",
      "dev": true,
      "requires": {
        "papaparse": "^5.3.2",
        "rereadable-stream": "^1.4.13",
        "scramjet-core": "^4.32.9"
      }
    },
    "scramjet-core": {
      "version": "4.32.9",
      "resolved": "https://registry.npmjs.org/scramjet-core/-/scramjet-core-4.32.9.tgz",
      "integrity": "sha512-LZKFxr61A9F7POXKWp54B0Amy202PqaN7IvbjFv2lF2XTrbkw056dEBciKnQCj3bLR0ptEyiN47qcorDc1Rn/w==",
      "dev": true
    },
    "typescript": {
      "version": "4.7.4",
      "resolved": "https://registry.npmjs.org/typescript/-/typescript-4.7.4.tgz",
      "integrity": "sha512-C0WQT0gezHuw6AdY1M2jxUO83Rjf0HP7Sk1DtXj6j1EwkQNZrHAg2XPWlq62oqEhYvONq5pkC2Y9oPljWToLmQ==",
      "dev": true
    },
    "ws": {
      "version": "8.8.1",
      "resolved": "https://registry.npmjs.org/ws/-/ws-8.8.1.tgz",
      "integrity": "sha512-bGy2JzvzkPowEJV++hF07hAD6niYSr0JzBNo/J29WsB57A2r7Wlc1UFcTR9IzrPvuNVO4B8LGqF8qcpsVOhJCA==",
      "requires": {}
    }
  }
}
