{
    "name": "@scramjet/gh-issues-to-clickup",
    "version": "0.1.0",
    "lockfileVersion": 2,
    "requires": true,
    "packages": {
        "": {
            "name": "@scramjet/gh-issues-to-clickup",
            "version": "0.1.0",
            "license": "GPL-3.0",
            "engines": {
                "python3": "3.8.0"
            }
        }
    }
}
