{
  "name": "@scramjet/python-markdown-keywords",
  "version": "0.23.0",
  "lockfileVersion": 2,
  "requires": true,
  "packages": {
    "": {
      "name": "@scramjet/python-markdown-keywords",
      "version": "0.23.0",
      "license": "GPL-3.0",
      "engines": {
        "python3": "3.5.0"
      }
    }
  }
}
